
Microsoft Visual Studio Solution File, Format Version 12.00
# Visual Studio Version 16
VisualStudioVersion = 16.0.30907.101
MinimumVisualStudioVersion = 10.0.40219.1
Project("{FAE04EC0-301F-11D3-BF4B-00C04F79EFBC}") = "TareaDI_O3_Justo_Javier_Romero_Navarro", "TareaDI_O3_Justo_Javier_Romero_Navarro\TareaDI_O3_Justo_Javier_Romero_Navarro.csproj", "{77676639-D3C2-40DA-844B-BED373F927C6}"
EndProject
Project("{FAE04EC0-301F-11D3-BF4B-00C04F79EFBC}") = "ControllerEntry", "ControllerEntry\ControllerEntry.csproj", "{39419B0E-75D7-4103-A9CB-215673B2FA45}"
EndProject
Global
	GlobalSection(SolutionConfigurationPlatforms) = preSolution
		Debug|Any CPU = Debug|Any CPU
		Release|Any CPU = Release|Any CPU
	EndGlobalSection
	GlobalSection(ProjectConfigurationPlatforms) = postSolution
		{77676639-D3C2-40DA-844B-BED373F927C6}.Debug|Any CPU.ActiveCfg = Debug|Any CPU
		{77676639-D3C2-40DA-844B-BED373F927C6}.Debug|Any CPU.Build.0 = Debug|Any CPU
		{77676639-D3C2-40DA-844B-BED373F927C6}.Release|Any CPU.ActiveCfg = Release|Any CPU
		{77676639-D3C2-40DA-844B-BED373F927C6}.Release|Any CPU.Build.0 = Release|Any CPU
		{39419B0E-75D7-4103-A9CB-215673B2FA45}.Debug|Any CPU.ActiveCfg = Debug|Any CPU
		{39419B0E-75D7-4103-A9CB-215673B2FA45}.Debug|Any CPU.Build.0 = Debug|Any CPU
		{39419B0E-75D7-4103-A9CB-215673B2FA45}.Release|Any CPU.ActiveCfg = Release|Any CPU
		{39419B0E-75D7-4103-A9CB-215673B2FA45}.Release|Any CPU.Build.0 = Release|Any CPU
	EndGlobalSection
	GlobalSection(SolutionProperties) = preSolution
		HideSolutionNode = FALSE
	EndGlobalSection
	GlobalSection(ExtensibilityGlobals) = postSolution
		SolutionGuid = {CFA132C0-65D8-4FD0-8315-C4BB3921BBD6}
	EndGlobalSection
EndGlobal
